
Microsoft Visual Studio Solution File, Format Version 12.00
# Visual Studio Version 17
VisualStudioVersion = 17.5.33516.290
MinimumVisualStudioVersion = 10.0.40219.1
Project("{9A19103F-16F7-4668-BE54-9A1E7A4F7556}") = "Domain", "Domain\Domain.csproj", "{1DECD442-F6B6-4363-8E2D-63204BD2935B}"
EndProject
Project("{9A19103F-16F7-4668-BE54-9A1E7A4F7556}") = "Domain.test", "Domain.test\Domain.test.csproj", "{7D1EAAD4-D79B-485E-B900-8B0E19F9B90A}"
EndProject
Project("{FAE04EC0-301F-11D3-BF4B-00C04F79EFBC}") = "Interface", "Interface\Interface.csproj", "{D1CCCEF3-F711-4181-9DD5-0A7DFC82E813}"
EndProject
Global
	GlobalSection(SolutionConfigurationPlatforms) = preSolution
		Debug|Any CPU = Debug|Any CPU
		Release|Any CPU = Release|Any CPU
	EndGlobalSection
	GlobalSection(ProjectConfigurationPlatforms) = postSolution
		{1DECD442-F6B6-4363-8E2D-63204BD2935B}.Debug|Any CPU.ActiveCfg = Debug|Any CPU
		{1DECD442-F6B6-4363-8E2D-63204BD2935B}.Debug|Any CPU.Build.0 = Debug|Any CPU
		{1DECD442-F6B6-4363-8E2D-63204BD2935B}.Release|Any CPU.ActiveCfg = Release|Any CPU
		{1DECD442-F6B6-4363-8E2D-63204BD2935B}.Release|Any CPU.Build.0 = Release|Any CPU
		{7D1EAAD4-D79B-485E-B900-8B0E19F9B90A}.Debug|Any CPU.ActiveCfg = Debug|Any CPU
		{7D1EAAD4-D79B-485E-B900-8B0E19F9B90A}.Debug|Any CPU.Build.0 = Debug|Any CPU
		{7D1EAAD4-D79B-485E-B900-8B0E19F9B90A}.Release|Any CPU.ActiveCfg = Release|Any CPU
		{7D1EAAD4-D79B-485E-B900-8B0E19F9B90A}.Release|Any CPU.Build.0 = Release|Any CPU
		{D1CCCEF3-F711-4181-9DD5-0A7DFC82E813}.Debug|Any CPU.ActiveCfg = Debug|Any CPU
		{D1CCCEF3-F711-4181-9DD5-0A7DFC82E813}.Debug|Any CPU.Build.0 = Debug|Any CPU
		{D1CCCEF3-F711-4181-9DD5-0A7DFC82E813}.Release|Any CPU.ActiveCfg = Release|Any CPU
		{D1CCCEF3-F711-4181-9DD5-0A7DFC82E813}.Release|Any CPU.Build.0 = Release|Any CPU
	EndGlobalSection
	GlobalSection(SolutionProperties) = preSolution
		HideSolutionNode = FALSE
	EndGlobalSection
	GlobalSection(ExtensibilityGlobals) = postSolution
		SolutionGuid = {5801319B-C137-4C96-862F-3DF4648CBA73}
	EndGlobalSection
EndGlobal
